{
  "version": 4,
  "terraform_version": "1.15.5",
  "serial": 10,
  "lineage": "ec3df12e-3c99-cadc-09ef-4400f14d5ba7",
  "outputs": {
    "catalog_name": {
      "value": "retail",
      "type": "string"
    },
    "raw_volume_name": {
      "value": "raw_data",
      "type": "string"
    },
    "raw_volume_path": {
      "value": "/Volumes/retail/bronze/raw_data",
      "type": "string"
    },
    "schemas": {
      "value": {
        "bronze": "bronze",
        "gold": "gold",
        "silver": "silver"
      },
      "type": [
        "object",
        {
          "bronze": "string",
          "gold": "string",
          "silver": "string"
        }
      ]
    }
  },
  "resources": [
    {
      "module": "module.permissions",
      "mode": "managed",
      "type": "databricks_grants",
      "name": "catalog",
      "provider": "provider[\"registry.terraform.io/databricks/databricks\"]",
      "instances": [
        {
          "schema_version": 0,
          "attributes": {
            "catalog": "retail",
            "credential": null,
            "external_location": null,
            "foreign_connection": null,
            "function": null,
            "grant": [
              {
                "principal": "account users",
                "privileges": [
                  "USE CATALOG"
                ]
              }
            ],
            "id": "catalog/retail",
            "mcp_service": null,
            "metastore": null,
            "model": null,
            "model_provider_service": null,
            "model_service": null,
            "pipeline": null,
            "provider_config": [
              {
                "workspace_id": "7474651017983232"
              }
            ],
            "recipient": null,
            "schema": null,
            "secret": null,
            "share": null,
            "storage_credential": null,
            "table": null,
            "volume": null
          },
          "sensitive_attributes": [],
          "identity_schema_version": 0,
          "private": "bnVsbA==",
          "dependencies": [
            "module.raw_volume.databricks_volume.this",
            "module.schemas.databricks_schema.this"
          ]
        }
      ]
    },
    {
      "module": "module.permissions",
      "mode": "managed",
      "type": "databricks_grants",
      "name": "schemas",
      "provider": "provider[\"registry.terraform.io/databricks/databricks\"]",
      "instances": [
        {
          "index_key": "bronze",
          "schema_version": 0,
          "attributes": {
            "catalog": null,
            "credential": null,
            "external_location": null,
            "foreign_connection": null,
            "function": null,
            "grant": [
              {
                "principal": "account users",
                "privileges": [
                  "USE SCHEMA"
                ]
              }
            ],
            "id": "schema/retail.bronze",
            "mcp_service": null,
            "metastore": null,
            "model": null,
            "model_provider_service": null,
            "model_service": null,
            "pipeline": null,
            "provider_config": [
              {
                "workspace_id": "7474651017983232"
              }
            ],
            "recipient": null,
            "schema": "retail.bronze",
            "secret": null,
            "share": null,
            "storage_credential": null,
            "table": null,
            "volume": null
          },
          "sensitive_attributes": [],
          "identity_schema_version": 0,
          "private": "bnVsbA==",
          "dependencies": [
            "module.raw_volume.databricks_volume.this",
            "module.schemas.databricks_schema.this"
          ]
        },
        {
          "index_key": "gold",
          "schema_version": 0,
          "attributes": {
            "catalog": null,
            "credential": null,
            "external_location": null,
            "foreign_connection": null,
            "function": null,
            "grant": [
              {
                "principal": "account users",
                "privileges": [
                  "USE SCHEMA"
                ]
              }
            ],
            "id": "schema/retail.gold",
            "mcp_service": null,
            "metastore": null,
            "model": null,
            "model_provider_service": null,
            "model_service": null,
            "pipeline": null,
            "provider_config": [
              {
                "workspace_id": "7474651017983232"
              }
            ],
            "recipient": null,
            "schema": "retail.gold",
            "secret": null,
            "share": null,
            "storage_credential": null,
            "table": null,
            "volume": null
          },
          "sensitive_attributes": [],
          "identity_schema_version": 0,
          "private": "bnVsbA==",
          "dependencies": [
            "module.raw_volume.databricks_volume.this",
            "module.schemas.databricks_schema.this"
          ]
        },
        {
          "index_key": "silver",
          "schema_version": 0,
          "attributes": {
            "catalog": null,
            "credential": null,
            "external_location": null,
            "foreign_connection": null,
            "function": null,
            "grant": [
              {
                "principal": "account users",
                "privileges": [
                  "USE SCHEMA"
                ]
              }
            ],
            "id": "schema/retail.silver",
            "mcp_service": null,
            "metastore": null,
            "model": null,
            "model_provider_service": null,
            "model_service": null,
            "pipeline": null,
            "provider_config": [
              {
                "workspace_id": "7474651017983232"
              }
            ],
            "recipient": null,
            "schema": "retail.silver",
            "secret": null,
            "share": null,
            "storage_credential": null,
            "table": null,
            "volume": null
          },
          "sensitive_attributes": [],
          "identity_schema_version": 0,
          "private": "bnVsbA==",
          "dependencies": [
            "module.raw_volume.databricks_volume.this",
            "module.schemas.databricks_schema.this"
          ]
        }
      ]
    },
    {
      "module": "module.permissions",
      "mode": "managed",
      "type": "databricks_grants",
      "name": "volume",
      "provider": "provider[\"registry.terraform.io/databricks/databricks\"]",
      "instances": [
        {
          "schema_version": 0,
          "attributes": {
            "catalog": null,
            "credential": null,
            "external_location": null,
            "foreign_connection": null,
            "function": null,
            "grant": [
              {
                "principal": "account users",
                "privileges": [
                  "READ VOLUME",
                  "WRITE VOLUME"
                ]
              }
            ],
            "id": "volume/retail.bronze.raw_data",
            "mcp_service": null,
            "metastore": null,
            "model": null,
            "model_provider_service": null,
            "model_service": null,
            "pipeline": null,
            "provider_config": [
              {
                "workspace_id": "7474651017983232"
              }
            ],
            "recipient": null,
            "schema": null,
            "secret": null,
            "share": null,
            "storage_credential": null,
            "table": null,
            "volume": "retail.bronze.raw_data"
          },
          "sensitive_attributes": [],
          "identity_schema_version": 0,
          "private": "bnVsbA==",
          "dependencies": [
            "module.raw_volume.databricks_volume.this",
            "module.schemas.databricks_schema.this"
          ]
        }
      ]
    },
    {
      "module": "module.raw_volume",
      "mode": "managed",
      "type": "databricks_volume",
      "name": "this",
      "provider": "provider[\"registry.terraform.io/databricks/databricks\"]",
      "instances": [
        {
          "schema_version": 0,
          "attributes": {
            "catalog_name": "retail",
            "comment": "Managed volume containing the five raw marketing and e-commerce CSV datasets",
            "id": "retail.bronze.raw_data",
            "name": "raw_data",
            "owner": "shungubepearlzinhle@gmail.com",
            "provider_config": [
              {
                "workspace_id": "7474651017983232"
              }
            ],
            "schema_name": "bronze",
            "storage_location": "s3://dbstorage-prod-sdljksaiy6/uc/5726469b-997f-40b7-84a7-29956de5b178/05cee97a-898f-49d5-89ae-bc9f1b7e031d/__unitystorage/catalogs/5bdf398b-449d-4453-80f9-76274d528430/volumes/4060c9c2-8a24-49fc-867d-9391b96341de",
            "volume_path": "/Volumes/retail/bronze/raw_data",
            "volume_type": "MANAGED"
          },
          "sensitive_attributes": [],
          "identity_schema_version": 0,
          "private": "bnVsbA==",
          "dependencies": [
            "module.schemas.databricks_schema.this"
          ]
        }
      ]
    },
    {
      "module": "module.schemas[\"bronze\"]",
      "mode": "managed",
      "type": "databricks_schema",
      "name": "this",
      "provider": "provider[\"registry.terraform.io/databricks/databricks\"]",
      "instances": [
        {
          "schema_version": 0,
          "attributes": {
            "catalog_name": "retail",
            "comment": "Raw landing layer containing source marketing and e-commerce data",
            "enable_predictive_optimization": "INHERIT",
            "force_destroy": false,
            "id": "retail.bronze",
            "metastore_id": "05cee97a-898f-49d5-89ae-bc9f1b7e031d",
            "name": "bronze",
            "owner": "shungubepearlzinhle@gmail.com",
            "properties": null,
            "provider_config": [
              {
                "workspace_id": "7474651017983232"
              }
            ],
            "schema_id": "69fcb38a-c71b-489a-ae48-f8a967abc5ed",
            "storage_root": null
          },
          "sensitive_attributes": [],
          "identity_schema_version": 0,
          "private": "bnVsbA=="
        }
      ]
    },
    {
      "module": "module.schemas[\"gold\"]",
      "mode": "managed",
      "type": "databricks_schema",
      "name": "this",
      "provider": "provider[\"registry.terraform.io/databricks/databricks\"]",
      "instances": [
        {
          "schema_version": 0,
          "attributes": {
            "catalog_name": "retail",
            "comment": "Business-ready marketing and e-commerce analytics data",
            "enable_predictive_optimization": "INHERIT",
            "force_destroy": false,
            "id": "retail.gold",
            "metastore_id": "05cee97a-898f-49d5-89ae-bc9f1b7e031d",
            "name": "gold",
            "owner": "shungubepearlzinhle@gmail.com",
            "properties": null,
            "provider_config": [
              {
                "workspace_id": "7474651017983232"
              }
            ],
            "schema_id": "17881c51-99fb-4e48-899c-6c13e9937da6",
            "storage_root": null
          },
          "sensitive_attributes": [],
          "identity_schema_version": 0,
          "private": "bnVsbA=="
        }
      ]
    },
    {
      "module": "module.schemas[\"silver\"]",
      "mode": "managed",
      "type": "databricks_schema",
      "name": "this",
      "provider": "provider[\"registry.terraform.io/databricks/databricks\"]",
      "instances": [
        {
          "schema_version": 0,
          "attributes": {
            "catalog_name": "retail",
            "comment": "Cleaned and standardized marketing and e-commerce data",
            "enable_predictive_optimization": "INHERIT",
            "force_destroy": false,
            "id": "retail.silver",
            "metastore_id": "05cee97a-898f-49d5-89ae-bc9f1b7e031d",
            "name": "silver",
            "owner": "shungubepearlzinhle@gmail.com",
            "properties": null,
            "provider_config": [
              {
                "workspace_id": "7474651017983232"
              }
            ],
            "schema_id": "b144af30-1ef7-4a81-b2bd-385cbf9aa4db",
            "storage_root": null
          },
          "sensitive_attributes": [],
          "identity_schema_version": 0,
          "private": "bnVsbA=="
        }
      ]
    }
  ],
  "check_results": null
}
